
Microsoft Visual Studio Solution File, Format Version 12.00
# Visual Studio Version 16
VisualStudioVersion = 16.0.31729.503
MinimumVisualStudioVersion = 10.0.40219.1
Project("{9A19103F-16F7-4668-BE54-9A1E7A4F7556}") = "ExtensionMethods", "ExtensionMethods\ExtensionMethods.csproj", "{785D401B-E470-4751-BC77-D92F36E5C09B}"
EndProject
Project("{9A19103F-16F7-4668-BE54-9A1E7A4F7556}") = "DesignPatternSingleton", "DesignPatternSingleton\DesignPatternSingleton.csproj", "{343FF938-D4D9-4FD1-8F71-8403F7577F6F}"
EndProject
Project("{9A19103F-16F7-4668-BE54-9A1E7A4F7556}") = "DynamicVsVarVsObject", "DynamicVsVarVsObject\DynamicVsVarVsObject.csproj", "{204B658D-4613-4167-A8B7-4B2B84CBCD13}"
EndProject
Project("{9A19103F-16F7-4668-BE54-9A1E7A4F7556}") = "DesignPatternObserver", "DesignPatternObserver\DesignPatternObserver.csproj", "{5935F54B-84F9-4CAC-B794-6B846BFF093A}"
EndProject
Project("{9A19103F-16F7-4668-BE54-9A1E7A4F7556}") = "DesignPatternFactory", "DesignPatternFactory\DesignPatternFactory.csproj", "{3F2258B3-B2C7-4A23-BE92-E377E02EE55B}"
EndProject
Project("{9A19103F-16F7-4668-BE54-9A1E7A4F7556}") = "DesignPatternChainOfResponsibility", "DesignPatternChainOfResponsibility\DesignPatternChainOfResponsibility.csproj", "{E4C0C92C-8220-4B29-8960-E56E41B503BA}"
EndProject
Project("{9A19103F-16F7-4668-BE54-9A1E7A4F7556}") = "Enums-Simple", "Enums-Simple\Enums-Simple.csproj", "{C7B8C597-28E2-4854-BA27-802ED18951C6}"
EndProject
Project("{9A19103F-16F7-4668-BE54-9A1E7A4F7556}") = "DesignPatternTemplateMethod", "DesignPatternTemplateMethod\DesignPatternTemplateMethod.csproj", "{1DC656A0-208B-493B-8C8A-43132DB8DB21}"
EndProject
Project("{9A19103F-16F7-4668-BE54-9A1E7A4F7556}") = "DesignPatternIterator", "DesignPatternIterator\DesignPatternIterator.csproj", "{652EF45C-3EA4-4933-8645-A51841FABF1F}"
EndProject
Project("{9A19103F-16F7-4668-BE54-9A1E7A4F7556}") = "DesignPatternAdapter", "DesignPatternAdapter\DesignPatternAdapter.csproj", "{F767BF2D-A223-4995-8FAE-CCAC8B6DF217}"
EndProject
Project("{9A19103F-16F7-4668-BE54-9A1E7A4F7556}") = "DesignPatternEventAggregator", "DesignPatternEventAggregator\DesignPatternEventAggregator.csproj", "{F688D074-9899-4BD3-A07F-CF826722D860}"
EndProject
Project("{9A19103F-16F7-4668-BE54-9A1E7A4F7556}") = "Delegates", "Delegates\Delegates.csproj", "{B009823F-C3FE-4E13-8873-CCC13FB23EC3}"
EndProject
Project("{9A19103F-16F7-4668-BE54-9A1E7A4F7556}") = "AsyncWpfDemo", "AsyncDemo\AsyncWpfDemo.csproj", "{80807C39-180F-491F-81E1-0A5E88BD4074}"
EndProject
Project("{9A19103F-16F7-4668-BE54-9A1E7A4F7556}") = "IoCContainerExample", "IoCContainerExample\IoCContainerExample.csproj", "{FF749AA6-F501-455E-83EF-19C45D4AC6F3}"
EndProject
Project("{9A19103F-16F7-4668-BE54-9A1E7A4F7556}") = "DesignPatternsCompositeA", "DesignPatternsComposite\DesignPatternsCompositeA.csproj", "{96009793-F560-4B8A-9EE4-0B2F4F8382C6}"
EndProject
Project("{9A19103F-16F7-4668-BE54-9A1E7A4F7556}") = "DesignPatternsCompositeB", "DesignPatternsCompositeB\DesignPatternsCompositeB.csproj", "{99688CB9-79DF-4C0D-AF60-DAE4A315CF3E}"
EndProject
Project("{9A19103F-16F7-4668-BE54-9A1E7A4F7556}") = "InOutByValueByRefExamples", "InOutRef\InOutByValueByRefExamples.csproj", "{082182BE-1694-4A69-AA5F-3FBEDEB17FA0}"
EndProject
Project("{FAE04EC0-301F-11D3-BF4B-00C04F79EFBC}") = "WPF-DataBinding", "WPF-DataBinding\WPF-DataBinding.csproj", "{FAB1CBFC-5A79-4E9D-8EC2-25592B50E48D}"
EndProject
Project("{FAE04EC0-301F-11D3-BF4B-00C04F79EFBC}") = "WPF-Calculator", "WPF-Calculator\WPF-Calculator.csproj", "{56361F22-9CB0-4BAF-ABB3-81C466F9412E}"
EndProject
Project("{FAE04EC0-301F-11D3-BF4B-00C04F79EFBC}") = "WpfSyncVsAsyncVsParallel", "WpfSyncVsAsyncVsParallel\WpfSyncVsAsyncVsParallel.csproj", "{80F8C98D-E50A-4004-ABE1-73059B82A744}"
EndProject
Project("{FAE04EC0-301F-11D3-BF4B-00C04F79EFBC}") = "WpfLibrary", "WpfLibrary\WpfLibrary.csproj", "{7D06F6BA-1EBD-47CF-BB6B-771F1634B87E}"
EndProject
Project("{FAE04EC0-301F-11D3-BF4B-00C04F79EFBC}") = "WpfReadCSV", "WpfReadCSV\WpfReadCSV.csproj", "{3C245DF2-1640-4B3D-A18A-DFD4CE1AD1BB}"
EndProject
Global
	GlobalSection(SolutionConfigurationPlatforms) = preSolution
		Debug|Any CPU = Debug|Any CPU
		Release|Any CPU = Release|Any CPU
	EndGlobalSection
	GlobalSection(ProjectConfigurationPlatforms) = postSolution
		{785D401B-E470-4751-BC77-D92F36E5C09B}.Debug|Any CPU.ActiveCfg = Debug|Any CPU
		{785D401B-E470-4751-BC77-D92F36E5C09B}.Debug|Any CPU.Build.0 = Debug|Any CPU
		{785D401B-E470-4751-BC77-D92F36E5C09B}.Release|Any CPU.ActiveCfg = Release|Any CPU
		{785D401B-E470-4751-BC77-D92F36E5C09B}.Release|Any CPU.Build.0 = Release|Any CPU
		{343FF938-D4D9-4FD1-8F71-8403F7577F6F}.Debug|Any CPU.ActiveCfg = Debug|Any CPU
		{343FF938-D4D9-4FD1-8F71-8403F7577F6F}.Debug|Any CPU.Build.0 = Debug|Any CPU
		{343FF938-D4D9-4FD1-8F71-8403F7577F6F}.Release|Any CPU.ActiveCfg = Release|Any CPU
		{343FF938-D4D9-4FD1-8F71-8403F7577F6F}.Release|Any CPU.Build.0 = Release|Any CPU
		{204B658D-4613-4167-A8B7-4B2B84CBCD13}.Debug|Any CPU.ActiveCfg = Debug|Any CPU
		{204B658D-4613-4167-A8B7-4B2B84CBCD13}.Debug|Any CPU.Build.0 = Debug|Any CPU
		{204B658D-4613-4167-A8B7-4B2B84CBCD13}.Release|Any CPU.ActiveCfg = Release|Any CPU
		{204B658D-4613-4167-A8B7-4B2B84CBCD13}.Release|Any CPU.Build.0 = Release|Any CPU
		{5935F54B-84F9-4CAC-B794-6B846BFF093A}.Debug|Any CPU.ActiveCfg = Debug|Any CPU
		{5935F54B-84F9-4CAC-B794-6B846BFF093A}.Debug|Any CPU.Build.0 = Debug|Any CPU
		{5935F54B-84F9-4CAC-B794-6B846BFF093A}.Release|Any CPU.ActiveCfg = Release|Any CPU
		{5935F54B-84F9-4CAC-B794-6B846BFF093A}.Release|Any CPU.Build.0 = Release|Any CPU
		{3F2258B3-B2C7-4A23-BE92-E377E02EE55B}.Debug|Any CPU.ActiveCfg = Debug|Any CPU
		{3F2258B3-B2C7-4A23-BE92-E377E02EE55B}.Debug|Any CPU.Build.0 = Debug|Any CPU
		{3F2258B3-B2C7-4A23-BE92-E377E02EE55B}.Release|Any CPU.ActiveCfg = Release|Any CPU
		{3F2258B3-B2C7-4A23-BE92-E377E02EE55B}.Release|Any CPU.Build.0 = Release|Any CPU
		{E4C0C92C-8220-4B29-8960-E56E41B503BA}.Debug|Any CPU.ActiveCfg = Debug|Any CPU
		{E4C0C92C-8220-4B29-8960-E56E41B503BA}.Debug|Any CPU.Build.0 = Debug|Any CPU
		{E4C0C92C-8220-4B29-8960-E56E41B503BA}.Release|Any CPU.ActiveCfg = Release|Any CPU
		{E4C0C92C-8220-4B29-8960-E56E41B503BA}.Release|Any CPU.Build.0 = Release|Any CPU
		{C7B8C597-28E2-4854-BA27-802ED18951C6}.Debug|Any CPU.ActiveCfg = Debug|Any CPU
		{C7B8C597-28E2-4854-BA27-802ED18951C6}.Debug|Any CPU.Build.0 = Debug|Any CPU
		{C7B8C597-28E2-4854-BA27-802ED18951C6}.Release|Any CPU.ActiveCfg = Release|Any CPU
		{C7B8C597-28E2-4854-BA27-802ED18951C6}.Release|Any CPU.Build.0 = Release|Any CPU
		{1DC656A0-208B-493B-8C8A-43132DB8DB21}.Debug|Any CPU.ActiveCfg = Debug|Any CPU
		{1DC656A0-208B-493B-8C8A-43132DB8DB21}.Debug|Any CPU.Build.0 = Debug|Any CPU
		{1DC656A0-208B-493B-8C8A-43132DB8DB21}.Release|Any CPU.ActiveCfg = Release|Any CPU
		{1DC656A0-208B-493B-8C8A-43132DB8DB21}.Release|Any CPU.Build.0 = Release|Any CPU
		{652EF45C-3EA4-4933-8645-A51841FABF1F}.Debug|Any CPU.ActiveCfg = Debug|Any CPU
		{652EF45C-3EA4-4933-8645-A51841FABF1F}.Debug|Any CPU.Build.0 = Debug|Any CPU
		{652EF45C-3EA4-4933-8645-A51841FABF1F}.Release|Any CPU.ActiveCfg = Release|Any CPU
		{652EF45C-3EA4-4933-8645-A51841FABF1F}.Release|Any CPU.Build.0 = Release|Any CPU
		{F767BF2D-A223-4995-8FAE-CCAC8B6DF217}.Debug|Any CPU.ActiveCfg = Debug|Any CPU
		{F767BF2D-A223-4995-8FAE-CCAC8B6DF217}.Debug|Any CPU.Build.0 = Debug|Any CPU
		{F767BF2D-A223-4995-8FAE-CCAC8B6DF217}.Release|Any CPU.ActiveCfg = Release|Any CPU
		{F767BF2D-A223-4995-8FAE-CCAC8B6DF217}.Release|Any CPU.Build.0 = Release|Any CPU
		{F688D074-9899-4BD3-A07F-CF826722D860}.Debug|Any CPU.ActiveCfg = Debug|Any CPU
		{F688D074-9899-4BD3-A07F-CF826722D860}.Debug|Any CPU.Build.0 = Debug|Any CPU
		{F688D074-9899-4BD3-A07F-CF826722D860}.Release|Any CPU.ActiveCfg = Release|Any CPU
		{F688D074-9899-4BD3-A07F-CF826722D860}.Release|Any CPU.Build.0 = Release|Any CPU
		{B009823F-C3FE-4E13-8873-CCC13FB23EC3}.Debug|Any CPU.ActiveCfg = Debug|Any CPU
		{B009823F-C3FE-4E13-8873-CCC13FB23EC3}.Debug|Any CPU.Build.0 = Debug|Any CPU
		{B009823F-C3FE-4E13-8873-CCC13FB23EC3}.Release|Any CPU.ActiveCfg = Release|Any CPU
		{B009823F-C3FE-4E13-8873-CCC13FB23EC3}.Release|Any CPU.Build.0 = Release|Any CPU
		{80807C39-180F-491F-81E1-0A5E88BD4074}.Debug|Any CPU.ActiveCfg = Debug|Any CPU
		{80807C39-180F-491F-81E1-0A5E88BD4074}.Debug|Any CPU.Build.0 = Debug|Any CPU
		{80807C39-180F-491F-81E1-0A5E88BD4074}.Release|Any CPU.ActiveCfg = Release|Any CPU
		{80807C39-180F-491F-81E1-0A5E88BD4074}.Release|Any CPU.Build.0 = Release|Any CPU
		{FF749AA6-F501-455E-83EF-19C45D4AC6F3}.Debug|Any CPU.ActiveCfg = Debug|Any CPU
		{FF749AA6-F501-455E-83EF-19C45D4AC6F3}.Debug|Any CPU.Build.0 = Debug|Any CPU
		{FF749AA6-F501-455E-83EF-19C45D4AC6F3}.Release|Any CPU.ActiveCfg = Release|Any CPU
		{FF749AA6-F501-455E-83EF-19C45D4AC6F3}.Release|Any CPU.Build.0 = Release|Any CPU
		{96009793-F560-4B8A-9EE4-0B2F4F8382C6}.Debug|Any CPU.ActiveCfg = Debug|Any CPU
		{96009793-F560-4B8A-9EE4-0B2F4F8382C6}.Debug|Any CPU.Build.0 = Debug|Any CPU
		{96009793-F560-4B8A-9EE4-0B2F4F8382C6}.Release|Any CPU.ActiveCfg = Release|Any CPU
		{96009793-F560-4B8A-9EE4-0B2F4F8382C6}.Release|Any CPU.Build.0 = Release|Any CPU
		{99688CB9-79DF-4C0D-AF60-DAE4A315CF3E}.Debug|Any CPU.ActiveCfg = Debug|Any CPU
		{99688CB9-79DF-4C0D-AF60-DAE4A315CF3E}.Debug|Any CPU.Build.0 = Debug|Any CPU
		{99688CB9-79DF-4C0D-AF60-DAE4A315CF3E}.Release|Any CPU.ActiveCfg = Release|Any CPU
		{99688CB9-79DF-4C0D-AF60-DAE4A315CF3E}.Release|Any CPU.Build.0 = Release|Any CPU
		{082182BE-1694-4A69-AA5F-3FBEDEB17FA0}.Debug|Any CPU.ActiveCfg = Debug|Any CPU
		{082182BE-1694-4A69-AA5F-3FBEDEB17FA0}.Debug|Any CPU.Build.0 = Debug|Any CPU
		{082182BE-1694-4A69-AA5F-3FBEDEB17FA0}.Release|Any CPU.ActiveCfg = Release|Any CPU
		{082182BE-1694-4A69-AA5F-3FBEDEB17FA0}.Release|Any CPU.Build.0 = Release|Any CPU
		{FAB1CBFC-5A79-4E9D-8EC2-25592B50E48D}.Debug|Any CPU.ActiveCfg = Debug|Any CPU
		{FAB1CBFC-5A79-4E9D-8EC2-25592B50E48D}.Debug|Any CPU.Build.0 = Debug|Any CPU
		{FAB1CBFC-5A79-4E9D-8EC2-25592B50E48D}.Release|Any CPU.ActiveCfg = Release|Any CPU
		{FAB1CBFC-5A79-4E9D-8EC2-25592B50E48D}.Release|Any CPU.Build.0 = Release|Any CPU
		{56361F22-9CB0-4BAF-ABB3-81C466F9412E}.Debug|Any CPU.ActiveCfg = Debug|Any CPU
		{56361F22-9CB0-4BAF-ABB3-81C466F9412E}.Debug|Any CPU.Build.0 = Debug|Any CPU
		{56361F22-9CB0-4BAF-ABB3-81C466F9412E}.Release|Any CPU.ActiveCfg = Release|Any CPU
		{56361F22-9CB0-4BAF-ABB3-81C466F9412E}.Release|Any CPU.Build.0 = Release|Any CPU
		{80F8C98D-E50A-4004-ABE1-73059B82A744}.Debug|Any CPU.ActiveCfg = Debug|Any CPU
		{80F8C98D-E50A-4004-ABE1-73059B82A744}.Debug|Any CPU.Build.0 = Debug|Any CPU
		{80F8C98D-E50A-4004-ABE1-73059B82A744}.Release|Any CPU.ActiveCfg = Release|Any CPU
		{80F8C98D-E50A-4004-ABE1-73059B82A744}.Release|Any CPU.Build.0 = Release|Any CPU
		{7D06F6BA-1EBD-47CF-BB6B-771F1634B87E}.Debug|Any CPU.ActiveCfg = Debug|Any CPU
		{7D06F6BA-1EBD-47CF-BB6B-771F1634B87E}.Debug|Any CPU.Build.0 = Debug|Any CPU
		{7D06F6BA-1EBD-47CF-BB6B-771F1634B87E}.Release|Any CPU.ActiveCfg = Release|Any CPU
		{7D06F6BA-1EBD-47CF-BB6B-771F1634B87E}.Release|Any CPU.Build.0 = Release|Any CPU
		{3C245DF2-1640-4B3D-A18A-DFD4CE1AD1BB}.Debug|Any CPU.ActiveCfg = Debug|Any CPU
		{3C245DF2-1640-4B3D-A18A-DFD4CE1AD1BB}.Debug|Any CPU.Build.0 = Debug|Any CPU
		{3C245DF2-1640-4B3D-A18A-DFD4CE1AD1BB}.Release|Any CPU.ActiveCfg = Release|Any CPU
		{3C245DF2-1640-4B3D-A18A-DFD4CE1AD1BB}.Release|Any CPU.Build.0 = Release|Any CPU
	EndGlobalSection
	GlobalSection(SolutionProperties) = preSolution
		HideSolutionNode = FALSE
	EndGlobalSection
	GlobalSection(ExtensibilityGlobals) = postSolution
		SolutionGuid = {88F7DC2E-A8DF-477B-AE42-9D61A1C68545}
	EndGlobalSection
EndGlobal
