
Microsoft Visual Studio Solution File, Format Version 12.00
# Visual Studio Version 16
VisualStudioVersion = 16.0.31729.503
MinimumVisualStudioVersion = 10.0.40219.1
Project("{FAE04EC0-301F-11D3-BF4B-00C04F79EFBC}") = "ExtensionMethods", "ExtensionMethods\ExtensionMethods.csproj", "{785D401B-E470-4751-BC77-D92F36E5C09B}"
EndProject
Project("{FAE04EC0-301F-11D3-BF4B-00C04F79EFBC}") = "DesignPatternSingleton", "DesignPatternSingleton\DesignPatternSingleton.csproj", "{343FF938-D4D9-4FD1-8F71-8403F7577F6F}"
EndProject
Project("{FAE04EC0-301F-11D3-BF4B-00C04F79EFBC}") = "DynamicVsVarVsObject", "DynamicVsVarVsObject\DynamicVsVarVsObject.csproj", "{204B658D-4613-4167-A8B7-4B2B84CBCD13}"
EndProject
Project("{FAE04EC0-301F-11D3-BF4B-00C04F79EFBC}") = "DesignPatternObserver", "DesignPatternObserver\DesignPatternObserver.csproj", "{5935F54B-84F9-4CAC-B794-6B846BFF093A}"
EndProject
Project("{FAE04EC0-301F-11D3-BF4B-00C04F79EFBC}") = "DesignPatternFactory", "DesignPatternFactory\DesignPatternFactory.csproj", "{3F2258B3-B2C7-4A23-BE92-E377E02EE55B}"
EndProject
Global
	GlobalSection(SolutionConfigurationPlatforms) = preSolution
		Debug|Any CPU = Debug|Any CPU
		Release|Any CPU = Release|Any CPU
	EndGlobalSection
	GlobalSection(ProjectConfigurationPlatforms) = postSolution
		{785D401B-E470-4751-BC77-D92F36E5C09B}.Debug|Any CPU.ActiveCfg = Debug|Any CPU
		{785D401B-E470-4751-BC77-D92F36E5C09B}.Debug|Any CPU.Build.0 = Debug|Any CPU
		{785D401B-E470-4751-BC77-D92F36E5C09B}.Release|Any CPU.ActiveCfg = Release|Any CPU
		{785D401B-E470-4751-BC77-D92F36E5C09B}.Release|Any CPU.Build.0 = Release|Any CPU
		{343FF938-D4D9-4FD1-8F71-8403F7577F6F}.Debug|Any CPU.ActiveCfg = Debug|Any CPU
		{343FF938-D4D9-4FD1-8F71-8403F7577F6F}.Debug|Any CPU.Build.0 = Debug|Any CPU
		{343FF938-D4D9-4FD1-8F71-8403F7577F6F}.Release|Any CPU.ActiveCfg = Release|Any CPU
		{343FF938-D4D9-4FD1-8F71-8403F7577F6F}.Release|Any CPU.Build.0 = Release|Any CPU
		{204B658D-4613-4167-A8B7-4B2B84CBCD13}.Debug|Any CPU.ActiveCfg = Debug|Any CPU
		{204B658D-4613-4167-A8B7-4B2B84CBCD13}.Debug|Any CPU.Build.0 = Debug|Any CPU
		{204B658D-4613-4167-A8B7-4B2B84CBCD13}.Release|Any CPU.ActiveCfg = Release|Any CPU
		{204B658D-4613-4167-A8B7-4B2B84CBCD13}.Release|Any CPU.Build.0 = Release|Any CPU
		{5935F54B-84F9-4CAC-B794-6B846BFF093A}.Debug|Any CPU.ActiveCfg = Debug|Any CPU
		{5935F54B-84F9-4CAC-B794-6B846BFF093A}.Debug|Any CPU.Build.0 = Debug|Any CPU
		{5935F54B-84F9-4CAC-B794-6B846BFF093A}.Release|Any CPU.ActiveCfg = Release|Any CPU
		{5935F54B-84F9-4CAC-B794-6B846BFF093A}.Release|Any CPU.Build.0 = Release|Any CPU
		{3F2258B3-B2C7-4A23-BE92-E377E02EE55B}.Debug|Any CPU.ActiveCfg = Debug|Any CPU
		{3F2258B3-B2C7-4A23-BE92-E377E02EE55B}.Debug|Any CPU.Build.0 = Debug|Any CPU
		{3F2258B3-B2C7-4A23-BE92-E377E02EE55B}.Release|Any CPU.ActiveCfg = Release|Any CPU
		{3F2258B3-B2C7-4A23-BE92-E377E02EE55B}.Release|Any CPU.Build.0 = Release|Any CPU
	EndGlobalSection
	GlobalSection(SolutionProperties) = preSolution
		HideSolutionNode = FALSE
	EndGlobalSection
	GlobalSection(ExtensibilityGlobals) = postSolution
		SolutionGuid = {88F7DC2E-A8DF-477B-AE42-9D61A1C68545}
	EndGlobalSection
EndGlobal
